
Microsoft Visual Studio Solution File, Format Version 12.00
# Visual Studio Version 17
VisualStudioVersion = 17.11.35327.3
MinimumVisualStudioVersion = 10.0.40219.1
Project("{2150E333-8FDC-42A3-9474-1A3956D46DE8}") = "src", "src", "{D9AF5587-789F-4CEE-BF37-84C18E9680BB}"
EndProject
Project("{2150E333-8FDC-42A3-9474-1A3956D46DE8}") = "test", "test", "{166209DF-0DC7-42E0-8714-1182BAAB6972}"
EndProject
Project("{2150E333-8FDC-42A3-9474-1A3956D46DE8}") = "Api", "Api", "{B5D4A75B-CE60-48B5-AFE0-2C08910E0B86}"
EndProject
Project("{2150E333-8FDC-42A3-9474-1A3956D46DE8}") = "Application", "Application", "{7624BE89-7887-4909-B806-6E56ADCB0027}"
EndProject
Project("{2150E333-8FDC-42A3-9474-1A3956D46DE8}") = "Domain", "Domain", "{9F95F9A3-F056-4A7C-B44D-E3236AE85AC0}"
EndProject
Project("{2150E333-8FDC-42A3-9474-1A3956D46DE8}") = "Infrastructure", "Infrastructure", "{5333A087-0337-4A3B-9FF7-4F159F4A9745}"
EndProject
Project("{2150E333-8FDC-42A3-9474-1A3956D46DE8}") = "Utilities", "Utilities", "{EBD8843A-7F59-4C4D-9D35-F60A8E592E71}"
EndProject
Project("{2150E333-8FDC-42A3-9474-1A3956D46DE8}") = "Tests", "Tests", "{CB0B5AFA-4E4E-4381-8BFE-9886E8D6B3F7}"
EndProject
Project("{9A19103F-16F7-4668-BE54-9A1E7A4F7556}") = "POS.Domain", "POS.Domain\POS.Domain.csproj", "{D46E310F-5F62-4739-9D03-E9C0E21B9FAC}"
EndProject
Project("{9A19103F-16F7-4668-BE54-9A1E7A4F7556}") = "POS.Infrastructure", "POS.Infrastructure\POS.Infrastructure.csproj", "{ECE7AC06-100D-43ED-88D9-BD6707FF10F3}"
EndProject
Project("{9A19103F-16F7-4668-BE54-9A1E7A4F7556}") = "POS.Application", "POS.Application\POS.Application.csproj", "{6C3E1C86-FEEA-4C05-BAF6-2A5F2E9335EA}"
EndProject
Project("{9A19103F-16F7-4668-BE54-9A1E7A4F7556}") = "POS.Utilities", "POS.Utilities\POS.Utilities.csproj", "{63943D54-F081-4166-92DA-0F2B9FD96220}"
EndProject
Project("{9A19103F-16F7-4668-BE54-9A1E7A4F7556}") = "POS.Tests", "POS.Tests\POS.Tests.csproj", "{52EFE89E-DCC8-44B8-AE3C-72C578D18B01}"
EndProject
Project("{9A19103F-16F7-4668-BE54-9A1E7A4F7556}") = "POS.Api", "POS.Api\POS.Api.csproj", "{4AC0E666-84C6-4E72-A99E-FFDDDF761E89}"
EndProject
Project("{E53339B2-1760-4266-BCC7-CA923CBCF16C}") = "docker-compose", "docker-compose.dcproj", "{7D833D08-4FE8-4547-A37C-99AA50A1D650}"
EndProject
Global
	GlobalSection(SolutionConfigurationPlatforms) = preSolution
		Debug|Any CPU = Debug|Any CPU
		Release|Any CPU = Release|Any CPU
	EndGlobalSection
	GlobalSection(ProjectConfigurationPlatforms) = postSolution
		{D46E310F-5F62-4739-9D03-E9C0E21B9FAC}.Debug|Any CPU.ActiveCfg = Debug|Any CPU
		{D46E310F-5F62-4739-9D03-E9C0E21B9FAC}.Debug|Any CPU.Build.0 = Debug|Any CPU
		{D46E310F-5F62-4739-9D03-E9C0E21B9FAC}.Release|Any CPU.ActiveCfg = Release|Any CPU
		{D46E310F-5F62-4739-9D03-E9C0E21B9FAC}.Release|Any CPU.Build.0 = Release|Any CPU
		{ECE7AC06-100D-43ED-88D9-BD6707FF10F3}.Debug|Any CPU.ActiveCfg = Debug|Any CPU
		{ECE7AC06-100D-43ED-88D9-BD6707FF10F3}.Debug|Any CPU.Build.0 = Debug|Any CPU
		{ECE7AC06-100D-43ED-88D9-BD6707FF10F3}.Release|Any CPU.ActiveCfg = Release|Any CPU
		{ECE7AC06-100D-43ED-88D9-BD6707FF10F3}.Release|Any CPU.Build.0 = Release|Any CPU
		{6C3E1C86-FEEA-4C05-BAF6-2A5F2E9335EA}.Debug|Any CPU.ActiveCfg = Debug|Any CPU
		{6C3E1C86-FEEA-4C05-BAF6-2A5F2E9335EA}.Debug|Any CPU.Build.0 = Debug|Any CPU
		{6C3E1C86-FEEA-4C05-BAF6-2A5F2E9335EA}.Release|Any CPU.ActiveCfg = Release|Any CPU
		{6C3E1C86-FEEA-4C05-BAF6-2A5F2E9335EA}.Release|Any CPU.Build.0 = Release|Any CPU
		{63943D54-F081-4166-92DA-0F2B9FD96220}.Debug|Any CPU.ActiveCfg = Debug|Any CPU
		{63943D54-F081-4166-92DA-0F2B9FD96220}.Debug|Any CPU.Build.0 = Debug|Any CPU
		{63943D54-F081-4166-92DA-0F2B9FD96220}.Release|Any CPU.ActiveCfg = Release|Any CPU
		{63943D54-F081-4166-92DA-0F2B9FD96220}.Release|Any CPU.Build.0 = Release|Any CPU
		{52EFE89E-DCC8-44B8-AE3C-72C578D18B01}.Debug|Any CPU.ActiveCfg = Debug|Any CPU
		{52EFE89E-DCC8-44B8-AE3C-72C578D18B01}.Debug|Any CPU.Build.0 = Debug|Any CPU
		{52EFE89E-DCC8-44B8-AE3C-72C578D18B01}.Release|Any CPU.ActiveCfg = Release|Any CPU
		{52EFE89E-DCC8-44B8-AE3C-72C578D18B01}.Release|Any CPU.Build.0 = Release|Any CPU
		{4AC0E666-84C6-4E72-A99E-FFDDDF761E89}.Debug|Any CPU.ActiveCfg = Debug|Any CPU
		{4AC0E666-84C6-4E72-A99E-FFDDDF761E89}.Debug|Any CPU.Build.0 = Debug|Any CPU
		{4AC0E666-84C6-4E72-A99E-FFDDDF761E89}.Release|Any CPU.ActiveCfg = Release|Any CPU
		{4AC0E666-84C6-4E72-A99E-FFDDDF761E89}.Release|Any CPU.Build.0 = Release|Any CPU
		{7D833D08-4FE8-4547-A37C-99AA50A1D650}.Debug|Any CPU.ActiveCfg = Debug|Any CPU
		{7D833D08-4FE8-4547-A37C-99AA50A1D650}.Debug|Any CPU.Build.0 = Debug|Any CPU
		{7D833D08-4FE8-4547-A37C-99AA50A1D650}.Release|Any CPU.ActiveCfg = Release|Any CPU
		{7D833D08-4FE8-4547-A37C-99AA50A1D650}.Release|Any CPU.Build.0 = Release|Any CPU
	EndGlobalSection
	GlobalSection(SolutionProperties) = preSolution
		HideSolutionNode = FALSE
	EndGlobalSection
	GlobalSection(NestedProjects) = preSolution
		{B5D4A75B-CE60-48B5-AFE0-2C08910E0B86} = {D9AF5587-789F-4CEE-BF37-84C18E9680BB}
		{7624BE89-7887-4909-B806-6E56ADCB0027} = {D9AF5587-789F-4CEE-BF37-84C18E9680BB}
		{9F95F9A3-F056-4A7C-B44D-E3236AE85AC0} = {D9AF5587-789F-4CEE-BF37-84C18E9680BB}
		{5333A087-0337-4A3B-9FF7-4F159F4A9745} = {D9AF5587-789F-4CEE-BF37-84C18E9680BB}
		{EBD8843A-7F59-4C4D-9D35-F60A8E592E71} = {D9AF5587-789F-4CEE-BF37-84C18E9680BB}
		{CB0B5AFA-4E4E-4381-8BFE-9886E8D6B3F7} = {166209DF-0DC7-42E0-8714-1182BAAB6972}
		{D46E310F-5F62-4739-9D03-E9C0E21B9FAC} = {9F95F9A3-F056-4A7C-B44D-E3236AE85AC0}
		{ECE7AC06-100D-43ED-88D9-BD6707FF10F3} = {5333A087-0337-4A3B-9FF7-4F159F4A9745}
		{6C3E1C86-FEEA-4C05-BAF6-2A5F2E9335EA} = {7624BE89-7887-4909-B806-6E56ADCB0027}
		{63943D54-F081-4166-92DA-0F2B9FD96220} = {EBD8843A-7F59-4C4D-9D35-F60A8E592E71}
		{52EFE89E-DCC8-44B8-AE3C-72C578D18B01} = {CB0B5AFA-4E4E-4381-8BFE-9886E8D6B3F7}
		{4AC0E666-84C6-4E72-A99E-FFDDDF761E89} = {B5D4A75B-CE60-48B5-AFE0-2C08910E0B86}
	EndGlobalSection
	GlobalSection(ExtensibilityGlobals) = postSolution
		SolutionGuid = {F490E7C7-B7CF-44D1-8057-376CFF01E896}
	EndGlobalSection
EndGlobal
